
Microsoft Visual Studio Solution File, Format Version 12.00
# Visual Studio Version 17
VisualStudioVersion = 17.11.35303.130
MinimumVisualStudioVersion = 10.0.40219.1
Project("{9A19103F-16F7-4668-BE54-9A1E7A4F7556}") = "ProductApi", "ProductApi\ProductApi.csproj", "{C04B6C35-D472-461E-8C2A-134508E4755B}"
EndProject
Project("{9A19103F-16F7-4668-BE54-9A1E7A4F7556}") = "Domain", "Domain\Domain.csproj", "{1EBDD495-9F86-48F2-A3F1-07207762D4E7}"
EndProject
Project("{9A19103F-16F7-4668-BE54-9A1E7A4F7556}") = "Infrastructure", "Infrastructure\Infrastructure.csproj", "{B5CD2905-AEBD-4859-8AD2-B89922F0BCDC}"
EndProject
Project("{9A19103F-16F7-4668-BE54-9A1E7A4F7556}") = "Shared", "Shared\Shared.csproj", "{54D31821-E5C1-4A08-9E65-FEC894E83F4C}"
EndProject
Project("{9A19103F-16F7-4668-BE54-9A1E7A4F7556}") = "IntegrationService", "IntegrationService\IntegrationService.csproj", "{7447254E-D07E-456F-8CD4-25956FD19E55}"
EndProject
Project("{FAE04EC0-301F-11D3-BF4B-00C04F79EFBC}") = "Test", "Test\Test.csproj", "{07700ADB-5CF5-443D-8F93-E9527F485152}"
EndProject
Global
	GlobalSection(SolutionConfigurationPlatforms) = preSolution
		Debug|Any CPU = Debug|Any CPU
		Release|Any CPU = Release|Any CPU
	EndGlobalSection
	GlobalSection(ProjectConfigurationPlatforms) = postSolution
		{C04B6C35-D472-461E-8C2A-134508E4755B}.Debug|Any CPU.ActiveCfg = Debug|Any CPU
		{C04B6C35-D472-461E-8C2A-134508E4755B}.Debug|Any CPU.Build.0 = Debug|Any CPU
		{C04B6C35-D472-461E-8C2A-134508E4755B}.Release|Any CPU.ActiveCfg = Release|Any CPU
		{C04B6C35-D472-461E-8C2A-134508E4755B}.Release|Any CPU.Build.0 = Release|Any CPU
		{1EBDD495-9F86-48F2-A3F1-07207762D4E7}.Debug|Any CPU.ActiveCfg = Debug|Any CPU
		{1EBDD495-9F86-48F2-A3F1-07207762D4E7}.Debug|Any CPU.Build.0 = Debug|Any CPU
		{1EBDD495-9F86-48F2-A3F1-07207762D4E7}.Release|Any CPU.ActiveCfg = Release|Any CPU
		{1EBDD495-9F86-48F2-A3F1-07207762D4E7}.Release|Any CPU.Build.0 = Release|Any CPU
		{B5CD2905-AEBD-4859-8AD2-B89922F0BCDC}.Debug|Any CPU.ActiveCfg = Debug|Any CPU
		{B5CD2905-AEBD-4859-8AD2-B89922F0BCDC}.Debug|Any CPU.Build.0 = Debug|Any CPU
		{B5CD2905-AEBD-4859-8AD2-B89922F0BCDC}.Release|Any CPU.ActiveCfg = Release|Any CPU
		{B5CD2905-AEBD-4859-8AD2-B89922F0BCDC}.Release|Any CPU.Build.0 = Release|Any CPU
		{54D31821-E5C1-4A08-9E65-FEC894E83F4C}.Debug|Any CPU.ActiveCfg = Debug|Any CPU
		{54D31821-E5C1-4A08-9E65-FEC894E83F4C}.Debug|Any CPU.Build.0 = Debug|Any CPU
		{54D31821-E5C1-4A08-9E65-FEC894E83F4C}.Release|Any CPU.ActiveCfg = Release|Any CPU
		{54D31821-E5C1-4A08-9E65-FEC894E83F4C}.Release|Any CPU.Build.0 = Release|Any CPU
		{7447254E-D07E-456F-8CD4-25956FD19E55}.Debug|Any CPU.ActiveCfg = Debug|Any CPU
		{7447254E-D07E-456F-8CD4-25956FD19E55}.Debug|Any CPU.Build.0 = Debug|Any CPU
		{7447254E-D07E-456F-8CD4-25956FD19E55}.Release|Any CPU.ActiveCfg = Release|Any CPU
		{7447254E-D07E-456F-8CD4-25956FD19E55}.Release|Any CPU.Build.0 = Release|Any CPU
		{07700ADB-5CF5-443D-8F93-E9527F485152}.Debug|Any CPU.ActiveCfg = Debug|Any CPU
		{07700ADB-5CF5-443D-8F93-E9527F485152}.Debug|Any CPU.Build.0 = Debug|Any CPU
		{07700ADB-5CF5-443D-8F93-E9527F485152}.Release|Any CPU.ActiveCfg = Release|Any CPU
		{07700ADB-5CF5-443D-8F93-E9527F485152}.Release|Any CPU.Build.0 = Release|Any CPU
	EndGlobalSection
	GlobalSection(SolutionProperties) = preSolution
		HideSolutionNode = FALSE
	EndGlobalSection
	GlobalSection(ExtensibilityGlobals) = postSolution
		SolutionGuid = {9251FA7F-A4CB-46A4-886C-E2F9B2C79357}
	EndGlobalSection
EndGlobal
